
Microsoft Visual Studio Solution File, Format Version 12.00
# Visual Studio Version 16
VisualStudioVersion = 16.0.31624.102
MinimumVisualStudioVersion = 10.0.40219.1
Project("{FAE04EC0-301F-11D3-BF4B-00C04F79EFBC}") = "NETCoreSignalR.API", "NETCoreSignalR.API\NETCoreSignalR.API.csproj", "{611615B6-E4EB-4F0E-8DDD-6B5595CA7EFE}"
EndProject
Project("{FAE04EC0-301F-11D3-BF4B-00C04F79EFBC}") = "NETCoreSignalR.Repository", "NETCoreSignalR.Repository\NETCoreSignalR.Repository.csproj", "{5F8E390C-3BF9-46D3-8A3F-45F5B7ED926F}"
EndProject
Project("{FAE04EC0-301F-11D3-BF4B-00C04F79EFBC}") = "NETCoreSignalR.Util", "NETCoreSignalR.Util\NETCoreSignalR.Util.csproj", "{137031E7-033D-45DC-98FD-BC5FE33DBC80}"
EndProject
Global
	GlobalSection(SolutionConfigurationPlatforms) = preSolution
		Debug|Any CPU = Debug|Any CPU
		Release|Any CPU = Release|Any CPU
	EndGlobalSection
	GlobalSection(ProjectConfigurationPlatforms) = postSolution
		{611615B6-E4EB-4F0E-8DDD-6B5595CA7EFE}.Debug|Any CPU.ActiveCfg = Debug|Any CPU
		{611615B6-E4EB-4F0E-8DDD-6B5595CA7EFE}.Debug|Any CPU.Build.0 = Debug|Any CPU
		{611615B6-E4EB-4F0E-8DDD-6B5595CA7EFE}.Release|Any CPU.ActiveCfg = Release|Any CPU
		{611615B6-E4EB-4F0E-8DDD-6B5595CA7EFE}.Release|Any CPU.Build.0 = Release|Any CPU
		{5F8E390C-3BF9-46D3-8A3F-45F5B7ED926F}.Debug|Any CPU.ActiveCfg = Debug|Any CPU
		{5F8E390C-3BF9-46D3-8A3F-45F5B7ED926F}.Debug|Any CPU.Build.0 = Debug|Any CPU
		{5F8E390C-3BF9-46D3-8A3F-45F5B7ED926F}.Release|Any CPU.ActiveCfg = Release|Any CPU
		{5F8E390C-3BF9-46D3-8A3F-45F5B7ED926F}.Release|Any CPU.Build.0 = Release|Any CPU
		{137031E7-033D-45DC-98FD-BC5FE33DBC80}.Debug|Any CPU.ActiveCfg = Debug|Any CPU
		{137031E7-033D-45DC-98FD-BC5FE33DBC80}.Debug|Any CPU.Build.0 = Debug|Any CPU
		{137031E7-033D-45DC-98FD-BC5FE33DBC80}.Release|Any CPU.ActiveCfg = Release|Any CPU
		{137031E7-033D-45DC-98FD-BC5FE33DBC80}.Release|Any CPU.Build.0 = Release|Any CPU
	EndGlobalSection
	GlobalSection(SolutionProperties) = preSolution
		HideSolutionNode = FALSE
	EndGlobalSection
	GlobalSection(ExtensibilityGlobals) = postSolution
		SolutionGuid = {B900EC58-7471-4F6D-A013-DA19B54AA2ED}
	EndGlobalSection
EndGlobal
